
Microsoft Visual Studio Solution File, Format Version 12.00
Project("{FAE04EC0-301F-11D3-BF4B-00C04F79EFBC}") = "ConveyorBeltCapacityCheck", "ConveyorBeltCapacityCheck.csproj", "{61EF13DA-0289-463D-8D49-A11D7AF9B712}"
EndProject
Global
	GlobalSection(SolutionConfigurationPlatforms) = preSolution
		Debug|Any CPU = Debug|Any CPU
		Release|Any CPU = Release|Any CPU
	EndGlobalSection
	GlobalSection(ProjectConfigurationPlatforms) = postSolution
		{61EF13DA-0289-463D-8D49-A11D7AF9B712}.Debug|Any CPU.ActiveCfg = Debug|Any CPU
		{61EF13DA-0289-463D-8D49-A11D7AF9B712}.Debug|Any CPU.Build.0 = Debug|Any CPU
		{61EF13DA-0289-463D-8D49-A11D7AF9B712}.Release|Any CPU.ActiveCfg = Release|Any CPU
		{61EF13DA-0289-463D-8D49-A11D7AF9B712}.Release|Any CPU.Build.0 = Release|Any CPU
	EndGlobalSection
EndGlobal
